
Microsoft Visual Studio Solution File, Format Version 12.00
# Visual Studio 15
VisualStudioVersion = 15.0.27428.2015
MinimumVisualStudioVersion = 10.0.40219.1
Project("{FAE04EC0-301F-11D3-BF4B-00C04F79EFBC}") = "GunjaPandav_ClassRegProject", "GunjaPandav_ClassRegProject\GunjaPandav_ClassRegProject.csproj", "{3570874E-2432-4390-B069-9F35A7646BFB}"
EndProject
Global
	GlobalSection(SolutionConfigurationPlatforms) = preSolution
		Debug|Any CPU = Debug|Any CPU
		Release|Any CPU = Release|Any CPU
	EndGlobalSection
	GlobalSection(ProjectConfigurationPlatforms) = postSolution
		{3570874E-2432-4390-B069-9F35A7646BFB}.Debug|Any CPU.ActiveCfg = Debug|Any CPU
		{3570874E-2432-4390-B069-9F35A7646BFB}.Debug|Any CPU.Build.0 = Debug|Any CPU
		{3570874E-2432-4390-B069-9F35A7646BFB}.Release|Any CPU.ActiveCfg = Release|Any CPU
		{3570874E-2432-4390-B069-9F35A7646BFB}.Release|Any CPU.Build.0 = Release|Any CPU
	EndGlobalSection
	GlobalSection(SolutionProperties) = preSolution
		HideSolutionNode = FALSE
	EndGlobalSection
	GlobalSection(ExtensibilityGlobals) = postSolution
		SolutionGuid = {1D2CEA33-F024-4FEC-96E5-B170CC29E455}
	EndGlobalSection
EndGlobal
